
Microsoft Visual Studio Solution File, Format Version 12.00
# Visual Studio Version 17
VisualStudioVersion = 17.0.31912.275
MinimumVisualStudioVersion = 10.0.40219.1
Project("{9A19103F-16F7-4668-BE54-9A1E7A4F7556}") = "BlazorSpinner", "BlazorSpinner\BlazorSpinner.csproj", "{7DF8AABD-E82E-45AA-B3A5-6EB6F0B29DBF}"
EndProject
Project("{FAE04EC0-301F-11D3-BF4B-00C04F79EFBC}") = "Demo", "Demo\Demo.csproj", "{A14F6179-87D6-4D8A-9691-B51342837F55}"
EndProject
Global
	GlobalSection(SolutionConfigurationPlatforms) = preSolution
		Debug|Any CPU = Debug|Any CPU
		Release|Any CPU = Release|Any CPU
	EndGlobalSection
	GlobalSection(ProjectConfigurationPlatforms) = postSolution
		{7DF8AABD-E82E-45AA-B3A5-6EB6F0B29DBF}.Debug|Any CPU.ActiveCfg = Debug|Any CPU
		{7DF8AABD-E82E-45AA-B3A5-6EB6F0B29DBF}.Debug|Any CPU.Build.0 = Debug|Any CPU
		{7DF8AABD-E82E-45AA-B3A5-6EB6F0B29DBF}.Release|Any CPU.ActiveCfg = Release|Any CPU
		{7DF8AABD-E82E-45AA-B3A5-6EB6F0B29DBF}.Release|Any CPU.Build.0 = Release|Any CPU
		{A14F6179-87D6-4D8A-9691-B51342837F55}.Debug|Any CPU.ActiveCfg = Debug|Any CPU
		{A14F6179-87D6-4D8A-9691-B51342837F55}.Debug|Any CPU.Build.0 = Debug|Any CPU
		{A14F6179-87D6-4D8A-9691-B51342837F55}.Release|Any CPU.ActiveCfg = Release|Any CPU
		{A14F6179-87D6-4D8A-9691-B51342837F55}.Release|Any CPU.Build.0 = Release|Any CPU
	EndGlobalSection
	GlobalSection(SolutionProperties) = preSolution
		HideSolutionNode = FALSE
	EndGlobalSection
	GlobalSection(ExtensibilityGlobals) = postSolution
		SolutionGuid = {8911CEE6-433B-4BD9-828A-CBA372D0C6F5}
	EndGlobalSection
EndGlobal
